
Microsoft Visual Studio Solution File, Format Version 12.00
# Visual Studio Version 17
VisualStudioVersion = 17.9.34728.123
MinimumVisualStudioVersion = 10.0.40219.1
Project("{FAE04EC0-301F-11D3-BF4B-00C04F79EFBC}") = "Two Digits", "Two Digits\Two Digits.csproj", "{E012CF19-CE22-4991-B194-A9DDCE916063}"
EndProject
Project("{2150E333-8FDC-42A3-9474-1A3956D46DE8}") = "Data Types Condition", "Data Types Condition", "{765A6BE9-26B1-4743-B4F3-CF286390EBA3}"
EndProject
Global
	GlobalSection(SolutionConfigurationPlatforms) = preSolution
		Debug|Any CPU = Debug|Any CPU
		Release|Any CPU = Release|Any CPU
	EndGlobalSection
	GlobalSection(ProjectConfigurationPlatforms) = postSolution
		{E012CF19-CE22-4991-B194-A9DDCE916063}.Debug|Any CPU.ActiveCfg = Debug|Any CPU
		{E012CF19-CE22-4991-B194-A9DDCE916063}.Debug|Any CPU.Build.0 = Debug|Any CPU
		{E012CF19-CE22-4991-B194-A9DDCE916063}.Release|Any CPU.ActiveCfg = Release|Any CPU
		{E012CF19-CE22-4991-B194-A9DDCE916063}.Release|Any CPU.Build.0 = Release|Any CPU
	EndGlobalSection
	GlobalSection(SolutionProperties) = preSolution
		HideSolutionNode = FALSE
	EndGlobalSection
	GlobalSection(NestedProjects) = preSolution
		{E012CF19-CE22-4991-B194-A9DDCE916063} = {765A6BE9-26B1-4743-B4F3-CF286390EBA3}
	EndGlobalSection
	GlobalSection(ExtensibilityGlobals) = postSolution
		SolutionGuid = {F9969002-6C10-4E30-AA40-FCD24A091CFE}
	EndGlobalSection
EndGlobal
